
Microsoft Visual Studio Solution File, Format Version 12.00
# Visual Studio Version 16
VisualStudioVersion = 16.0.32126.315
MinimumVisualStudioVersion = 10.0.40219.1
Project("{FAE04EC0-301F-11D3-BF4B-00C04F79EFBC}") = "ClassLibrary", "ClassLibrary\ClassLibrary.csproj", "{FC007CFB-7F04-4E1E-B55A-AE8F6C1A6903}"
EndProject
Project("{FAE04EC0-301F-11D3-BF4B-00C04F79EFBC}") = "Testing", "Testing\Testing.csproj", "{66BFCE09-CA72-4F9B-9DCB-E8440EB07B85}"
EndProject
Project("{FAE04EC0-301F-11D3-BF4B-00C04F79EFBC}") = "FrontEndWebsites", "FrontEndWebsites\FrontEndWebsites.csproj", "{3D3CE5A9-925A-4F3D-8B30-7266FBDE89E4}"
EndProject
Global
	GlobalSection(SolutionConfigurationPlatforms) = preSolution
		Debug|Any CPU = Debug|Any CPU
		Release|Any CPU = Release|Any CPU
	EndGlobalSection
	GlobalSection(ProjectConfigurationPlatforms) = postSolution
		{FC007CFB-7F04-4E1E-B55A-AE8F6C1A6903}.Debug|Any CPU.ActiveCfg = Debug|Any CPU
		{FC007CFB-7F04-4E1E-B55A-AE8F6C1A6903}.Debug|Any CPU.Build.0 = Debug|Any CPU
		{FC007CFB-7F04-4E1E-B55A-AE8F6C1A6903}.Release|Any CPU.ActiveCfg = Release|Any CPU
		{FC007CFB-7F04-4E1E-B55A-AE8F6C1A6903}.Release|Any CPU.Build.0 = Release|Any CPU
		{66BFCE09-CA72-4F9B-9DCB-E8440EB07B85}.Debug|Any CPU.ActiveCfg = Debug|Any CPU
		{66BFCE09-CA72-4F9B-9DCB-E8440EB07B85}.Debug|Any CPU.Build.0 = Debug|Any CPU
		{66BFCE09-CA72-4F9B-9DCB-E8440EB07B85}.Release|Any CPU.ActiveCfg = Release|Any CPU
		{66BFCE09-CA72-4F9B-9DCB-E8440EB07B85}.Release|Any CPU.Build.0 = Release|Any CPU
		{3D3CE5A9-925A-4F3D-8B30-7266FBDE89E4}.Debug|Any CPU.ActiveCfg = Debug|Any CPU
		{3D3CE5A9-925A-4F3D-8B30-7266FBDE89E4}.Debug|Any CPU.Build.0 = Debug|Any CPU
		{3D3CE5A9-925A-4F3D-8B30-7266FBDE89E4}.Release|Any CPU.ActiveCfg = Release|Any CPU
		{3D3CE5A9-925A-4F3D-8B30-7266FBDE89E4}.Release|Any CPU.Build.0 = Release|Any CPU
	EndGlobalSection
	GlobalSection(SolutionProperties) = preSolution
		HideSolutionNode = FALSE
	EndGlobalSection
	GlobalSection(ExtensibilityGlobals) = postSolution
		SolutionGuid = {6AAE0C0D-C341-4FC7-A0F7-AD33A9D08F52}
	EndGlobalSection
EndGlobal
